// !$*UTF8*$!
{
	archiveVersion = 1;
	classes = {
	};
	objectVersion = 50;
	objects = {

/* Begin PBXBuildFile section */
		A9D3CD2D2600C8460057DBEF /* AppDelegate.swift in Sources */ = {isa = PBXBuildFile; fileRef = A9D3CD2C2600C8460057DBEF /* AppDelegate.swift */; };
		A9D3CD2F2600C8460057DBEF /* SceneDelegate.swift in Sources */ = {isa = PBXBuildFile; fileRef = A9D3CD2E2600C8460057DBEF /* SceneDelegate.swift */; };
		A9D3CD312600C8460057DBEF /* ViewController.swift in Sources */ = {isa = PBXBuildFile; fileRef = A9D3CD302600C8460057DBEF /* ViewController.swift */; };
		A9D3CD342600C8460057DBEF /* Main.storyboard in Resources */ = {isa = PBXBuildFile; fileRef = A9D3CD322600C8460057DBEF /* Main.storyboard */; };
		A9D3CD362600C8470057DBEF /* Assets.xcassets in Resources */ = {isa = PBXBuildFile; fileRef = A9D3CD352600C8470057DBEF /* Assets.xcassets */; };
		A9D3CD392600C8470057DBEF /* LaunchScreen.storyboard in Resources */ = {isa = PBXBuildFile; fileRef = A9D3CD372600C8470057DBEF /* LaunchScreen.storyboard */; };
		A9D3CD442600C8470057DBEF /* iospracticeTests.swift in Sources */ = {isa = PBXBuildFile; fileRef = A9D3CD432600C8470057DBEF /* iospracticeTests.swift */; };
		A9D3CD4F2600C8470057DBEF /* iospracticeUITests.swift in Sources */ = {isa = PBXBuildFile; fileRef = A9D3CD4E2600C8470057DBEF /* iospracticeUITests.swift */; };
/* End PBXBuildFile section */

/* Begin PBXContainerItemProxy section */
		A9D3CD402600C8470057DBEF /* PBXContainerItemProxy */ = {
			isa = PBXContainerItemProxy;
			containerPortal = A9D3CD212600C8460057DBEF /* Project object */;
			proxyType = 1;
			remoteGlobalIDString = A9D3CD282600C8460057DBEF;
			remoteInfo = iospractice;
		};
		A9D3CD4B2600C8470057DBEF /* PBXContainerItemProxy */ = {
			isa = PBXContainerItemProxy;
			containerPortal = A9D3CD212600C8460057DBEF /* Project object */;
			proxyType = 1;
			remoteGlobalIDString = A9D3CD282600C8460057DBEF;
			remoteInfo = iospractice;
		};
/* End PBXContainerItemProxy section */

/* Begin PBXFileReference section */
		A9D3CD292600C8460057DBEF /* iospractice.app */ = {isa = PBXFileReference; explicitFileType = wrapper.application; includeInIndex = 0; path = iospractice.app; sourceTree = BUILT_PRODUCTS_DIR; };
		A9D3CD2C2600C8460057DBEF /* AppDelegate.swift */ = {isa = PBXFileReference; lastKnownFileType = sourcecode.swift; path = AppDelegate.swift; sourceTree = "<group>"; };
		A9D3CD2E2600C8460057DBEF /* SceneDelegate.swift */ = {isa = PBXFileReference; lastKnownFileType = sourcecode.swift; path = SceneDelegate.swift; sourceTree = "<group>"; };
		A9D3CD302600C8460057DBEF /* ViewController.swift */ = {isa = PBXFileReference; lastKnownFileType = sourcecode.swift; path = ViewController.swift; sourceTree = "<group>"; };
		A9D3CD332600C8460057DBEF /* Base */ = {isa = PBXFileReference; lastKnownFileType = file.storyboard; name = Base; path = Base.lproj/Main.storyboard; sourceTree = "<group>"; };
		A9D3CD352600C8470057DBEF /* Assets.xcassets */ = {isa = PBXFileReference; lastKnownFileType = folder.assetcatalog; path = Assets.xcassets; sourceTree = "<group>"; };
		A9D3CD382600C8470057DBEF /* Base */ = {isa = PBXFileReference; lastKnownFileType = file.storyboard; name = Base; path = Base.lproj/LaunchScreen.storyboard; sourceTree = "<group>"; };
		A9D3CD3A2600C8470057DBEF /* Info.plist */ = {isa = PBXFileReference; lastKnownFileType = text.plist.xml; path = Info.plist; sourceTree = "<group>"; };
		A9D3CD3F2600C8470057DBEF /* iospracticeTests.xctest */ = {isa = PBXFileReference; explicitFileType = wrapper.cfbundle; includeInIndex = 0; path = iospracticeTests.xctest; sourceTree = BUILT_PRODUCTS_DIR; };
		A9D3CD432600C8470057DBEF /* iospracticeTests.swift */ = {isa = PBXFileReference; lastKnownFileType = sourcecode.swift; path = iospracticeTests.swift; sourceTree = "<group>"; };
		A9D3CD452600C8470057DBEF /* Info.plist */ = {isa = PBXFileReference; lastKnownFileType = text.plist.xml; path = Info.plist; sourceTree = "<group>"; };
		A9D3CD4A2600C8470057DBEF /* iospracticeUITests.xctest */ = {isa = PBXFileReference; explicitFileType = wrapper.cfbundle; includeInIndex = 0; path = iospracticeUITests.xctest; sourceTree = BUILT_PRODUCTS_DIR; };
		A9D3CD4E2600C8470057DBEF /* iospracticeUITests.swift */ = {isa = PBXFileReference; lastKnownFileType = sourcecode.swift; path = iospracticeUITests.swift; sourceTree = "<group>"; };
		A9D3CD502600C8470057DBEF /* Info.plist */ = {isa = PBXFileReference; lastKnownFileType = text.plist.xml; path = Info.plist; sourceTree = "<group>"; };
/* End PBXFileReference section */

/* Begin PBXFrameworksBuildPhase section */
		A9D3CD262600C8460057DBEF /* Frameworks */ = {
			isa = PBXFrameworksBuildPhase;
			buildActionMask = 2147483647;
			files = (
			);
			runOnlyForDeploymentPostprocessing = 0;
		};
		A9D3CD3C2600C8470057DBEF /* Frameworks */ = {
			isa = PBXFrameworksBuildPhase;
			buildActionMask = 2147483647;
			files = (
			);
			runOnlyForDeploymentPostprocessing = 0;
		};
		A9D3CD472600C8470057DBEF /* Frameworks */ = {
			isa = PBXFrameworksBuildPhase;
			buildActionMask = 2147483647;
			files = (
			);
			runOnlyForDeploymentPostprocessing = 0;
		};
/* End PBXFrameworksBuildPhase section */

/* Begin PBXGroup section */
		A9D3CD202600C8460057DBEF = {
			isa = PBXGroup;
			children = (
				A9D3CD2B2600C8460057DBEF /* iospractice */,
				A9D3CD422600C8470057DBEF /* iospracticeTests */,
				A9D3CD4D2600C8470057DBEF /* iospracticeUITests */,
				A9D3CD2A2600C8460057DBEF /* Products */,
			);
			sourceTree = "<group>";
		};
		A9D3CD2A2600C8460057DBEF /* Products */ = {
			isa = PBXGroup;
			children = (
				A9D3CD292600C8460057DBEF /* iospractice.app */,
				A9D3CD3F2600C8470057DBEF /* iospracticeTests.xctest */,
				A9D3CD4A2600C8470057DBEF /* iospracticeUITests.xctest */,
			);
			name = Products;
			sourceTree = "<group>";
		};
		A9D3CD2B2600C8460057DBEF /* iospractice */ = {
			isa = PBXGroup;
			children = (
				A9D3CD2C2600C8460057DBEF /* AppDelegate.swift */,
				A9D3CD2E2600C8460057DBEF /* SceneDelegate.swift */,
				A9D3CD302600C8460057DBEF /* ViewController.swift */,
				A9D3CD322600C8460057DBEF /* Main.storyboard */,
				A9D3CD352600C8470057DBEF /* Assets.xcassets */,
				A9D3CD372600C8470057DBEF /* LaunchScreen.storyboard */,
				A9D3CD3A2600C8470057DBEF /* Info.plist */,
			);
			path = iospractice;
			sourceTree = "<group>";
		};
		A9D3CD422600C8470057DBEF /* iospracticeTests */ = {
			isa = PBXGroup;
			children = (
				A9D3CD432600C8470057DBEF /* iospracticeTests.swift */,
				A9D3CD452600C8470057DBEF /* Info.plist */,
			);
			path = iospracticeTests;
			sourceTree = "<group>";
		};
		A9D3CD4D2600C8470057DBEF /* iospracticeUITests */ = {
			isa = PBXGroup;
			children = (
				A9D3CD4E2600C8470057DBEF /* iospracticeUITests.swift */,
				A9D3CD502600C8470057DBEF /* Info.plist */,
			);
			path = iospracticeUITests;
			sourceTree = "<group>";
		};
/* End PBXGroup section */

/* Begin PBXNativeTarget section */
		A9D3CD282600C8460057DBEF /* iospractice */ = {
			isa = PBXNativeTarget;
			buildConfigurationList = A9D3CD532600C8470057DBEF /* Build configuration list for PBXNativeTarget "iospractice" */;
			buildPhases = (
				A9D3CD252600C8460057DBEF /* Sources */,
				A9D3CD262600C8460057DBEF /* Frameworks */,
				A9D3CD272600C8460057DBEF /* Resources */,
			);
			buildRules = (
			);
			dependencies = (
			);
			name = iospractice;
			productName = iospractice;
			productReference = A9D3CD292600C8460057DBEF /* iospractice.app */;
			productType = "com.apple.product-type.application";
		};
		A9D3CD3E2600C8470057DBEF /* iospracticeTests */ = {
			isa = PBXNativeTarget;
			buildConfigurationList = A9D3CD562600C8470057DBEF /* Build configuration list for PBXNativeTarget "iospracticeTests" */;
			buildPhases = (
				A9D3CD3B2600C8470057DBEF /* Sources */,
				A9D3CD3C2600C8470057DBEF /* Frameworks */,
				A9D3CD3D2600C8470057DBEF /* Resources */,
			);
			buildRules = (
			);
			dependencies = (
				A9D3CD412600C8470057DBEF /* PBXTargetDependency */,
			);
			name = iospracticeTests;
			productName = iospracticeTests;
			productReference = A9D3CD3F2600C8470057DBEF /* iospracticeTests.xctest */;
			productType = "com.apple.product-type.bundle.unit-test";
		};
		A9D3CD492600C8470057DBEF /* iospracticeUITests */ = {
			isa = PBXNativeTarget;
			buildConfigurationList = A9D3CD592600C8470057DBEF /* Build configuration list for PBXNativeTarget "iospracticeUITests" */;
			buildPhases = (
				A9D3CD462600C8470057DBEF /* Sources */,
				A9D3CD472600C8470057DBEF /* Frameworks */,
				A9D3CD482600C8470057DBEF /* Resources */,
			);
			buildRules = (
			);
			dependencies = (
				A9D3CD4C2600C8470057DBEF /* PBXTargetDependency */,
			);
			name = iospracticeUITests;
			productName = iospracticeUITests;
			productReference = A9D3CD4A2600C8470057DBEF /* iospracticeUITests.xctest */;
			productType = "com.apple.product-type.bundle.ui-testing";
		};
/* End PBXNativeTarget section */

/* Begin PBXProject section */
		A9D3CD212600C8460057DBEF /* Project object */ = {
			isa = PBXProject;
			attributes = {
				LastSwiftUpdateCheck = 1220;
				LastUpgradeCheck = 1220;
				TargetAttributes = {
					A9D3CD282600C8460057DBEF = {
						CreatedOnToolsVersion = 12.2;
					};
					A9D3CD3E2600C8470057DBEF = {
						CreatedOnToolsVersion = 12.2;
						TestTargetID = A9D3CD282600C8460057DBEF;
					};
					A9D3CD492600C8470057DBEF = {
						CreatedOnToolsVersion = 12.2;
						TestTargetID = A9D3CD282600C8460057DBEF;
					};
				};
			};
			buildConfigurationList = A9D3CD242600C8460057DBEF /* Build configuration list for PBXProject "iospractice" */;
			compatibilityVersion = "Xcode 9.3";
			developmentRegion = en;
			hasScannedForEncodings = 0;
			knownRegions = (
				en,
				Base,
			);
			mainGroup = A9D3CD202600C8460057DBEF;
			productRefGroup = A9D3CD2A2600C8460057DBEF /* Products */;
			projectDirPath = "";
			projectRoot = "";
			targets = (
				A9D3CD282600C8460057DBEF /* iospractice */,
				A9D3CD3E2600C8470057DBEF /* iospracticeTests */,
				A9D3CD492600C8470057DBEF /* iospracticeUITests */,
			);
		};
/* End PBXProject section */

/* Begin PBXResourcesBuildPhase section */
		A9D3CD272600C8460057DBEF /* Resources */ = {
			isa = PBXResourcesBuildPhase;
			buildActionMask = 2147483647;
			files = (
				A9D3CD392600C8470057DBEF /* LaunchScreen.storyboard in Resources */,
				A9D3CD362600C8470057DBEF /* Assets.xcassets in Resources */,
				A9D3CD342600C8460057DBEF /* Main.storyboard in Resources */,
			);
			runOnlyForDeploymentPostprocessing = 0;
		};
		A9D3CD3D2600C8470057DBEF /* Resources */ = {
			isa = PBXResourcesBuildPhase;
			buildActionMask = 2147483647;
			files = (
			);
			runOnlyForDeploymentPostprocessing = 0;
		};
		A9D3CD482600C8470057DBEF /* Resources */ = {
			isa = PBXResourcesBuildPhase;
			buildActionMask = 2147483647;
			files = (
			);
			runOnlyForDeploymentPostprocessing = 0;
		};
/* End PBXResourcesBuildPhase section */

/* Begin PBXSourcesBuildPhase section */
		A9D3CD252600C8460057DBEF /* Sources */ = {
			isa = PBXSourcesBuildPhase;
			buildActionMask = 2147483647;
			files = (
				A9D3CD312600C8460057DBEF /* ViewController.swift in Sources */,
				A9D3CD2D2600C8460057DBEF /* AppDelegate.swift in Sources */,
				A9D3CD2F2600C8460057DBEF /* SceneDelegate.swift in Sources */,
			);
			runOnlyForDeploymentPostprocessing = 0;
		};
		A9D3CD3B2600C8470057DBEF /* Sources */ = {
			isa = PBXSourcesBuildPhase;
			buildActionMask = 2147483647;
			files = (
				A9D3CD442600C8470057DBEF /* iospracticeTests.swift in Sources */,
			);
			runOnlyForDeploymentPostprocessing = 0;
		};
		A9D3CD462600C8470057DBEF /* Sources */ = {
			isa = PBXSourcesBuildPhase;
			buildActionMask = 2147483647;
			files = (
				A9D3CD4F2600C8470057DBEF /* iospracticeUITests.swift in Sources */,
			);
			runOnlyForDeploymentPostprocessing = 0;
		};
/* End PBXSourcesBuildPhase section */

/* Begin PBXTargetDependency section */
		A9D3CD412600C8470057DBEF /* PBXTargetDependency */ = {
			isa = PBXTargetDependency;
			target = A9D3CD282600C8460057DBEF /* iospractice */;
			targetProxy = A9D3CD402600C8470057DBEF /* PBXContainerItemProxy */;
		};
		A9D3CD4C2600C8470057DBEF /* PBXTargetDependency */ = {
			isa = PBXTargetDependency;
			target = A9D3CD282600C8460057DBEF /* iospractice */;
			targetProxy = A9D3CD4B2600C8470057DBEF /* PBXContainerItemProxy */;
		};
/* End PBXTargetDependency section */

/* Begin PBXVariantGroup section */
		A9D3CD322600C8460057DBEF /* Main.storyboard */ = {
			isa = PBXVariantGroup;
			children = (
				A9D3CD332600C8460057DBEF /* Base */,
			);
			name = Main.storyboard;
			sourceTree = "<group>";
		};
		A9D3CD372600C8470057DBEF /* LaunchScreen.storyboard */ = {
			isa = PBXVariantGroup;
			children = (
				A9D3CD382600C8470057DBEF /* Base */,
			);
			name = LaunchScreen.storyboard;
			sourceTree = "<group>";
		};
/* End PBXVariantGroup section */

/* Begin XCBuildConfiguration section */
		A9D3CD512600C8470057DBEF /* Debug */ = {
			isa = XCBuildConfiguration;
			buildSettings = {
				ALWAYS_SEARCH_USER_PATHS = NO;
				CLANG_ANALYZER_NONNULL = YES;
				CLANG_ANALYZER_NUMBER_OBJECT_CONVERSION = YES_AGGRESSIVE;
				CLANG_CXX_LANGUAGE_STANDARD = "gnu++14";
				CLANG_CXX_LIBRARY = "libc++";
				CLANG_ENABLE_MODULES = YES;
				CLANG_ENABLE_OBJC_ARC = YES;
				CLANG_ENABLE_OBJC_WEAK = YES;
				CLANG_WARN_BLOCK_CAPTURE_AUTORELEASING = YES;
				CLANG_WARN_BOOL_CONVERSION = YES;
				CLANG_WARN_COMMA = YES;
				CLANG_WARN_CONSTANT_CONVERSION = YES;
				CLANG_WARN_DEPRECATED_OBJC_IMPLEMENTATIONS = YES;
				CLANG_WARN_DIRECT_OBJC_ISA_USAGE = YES_ERROR;
				CLANG_WARN_DOCUMENTATION_COMMENTS = YES;
				CLANG_WARN_EMPTY_BODY = YES;
				CLANG_WARN_ENUM_CONVERSION = YES;
				CLANG_WARN_INFINITE_RECURSION = YES;
				CLANG_WARN_INT_CONVERSION = YES;
				CLANG_WARN_NON_LITERAL_NULL_CONVERSION = YES;
				CLANG_WARN_OBJC_IMPLICIT_RETAIN_SELF = YES;
				CLANG_WARN_OBJC_LITERAL_CONVERSION = YES;
				CLANG_WARN_OBJC_ROOT_CLASS = YES_ERROR;
				CLANG_WARN_QUOTED_INCLUDE_IN_FRAMEWORK_HEADER = YES;
				CLANG_WARN_RANGE_LOOP_ANALYSIS = YES;
				CLANG_WARN_STRICT_PROTOTYPES = YES;
				CLANG_WARN_SUSPICIOUS_MOVE = YES;
				CLANG_WARN_UNGUARDED_AVAILABILITY = YES_AGGRESSIVE;
				CLANG_WARN_UNREACHABLE_CODE = YES;
				CLANG_WARN__DUPLICATE_METHOD_MATCH = YES;
				COPY_PHASE_STRIP = NO;
				DEBUG_INFORMATION_FORMAT = dwarf;
				ENABLE_STRICT_OBJC_MSGSEND = YES;
				ENABLE_TESTABILITY = YES;
				GCC_C_LANGUAGE_STANDARD = gnu11;
				GCC_DYNAMIC_NO_PIC = NO;
				GCC_NO_COMMON_BLOCKS = YES;
				GCC_OPTIMIZATION_LEVEL = 0;
				GCC_PREPROCESSOR_DEFINITIONS = (
					"DEBUG=1",
					"$(inherited)",
				);
				GCC_WARN_64_TO_32_BIT_CONVERSION = YES;
				GCC_WARN_ABOUT_RETURN_TYPE = YES_ERROR;
				GCC_WARN_UNDECLARED_SELECTOR = YES;
				GCC_WARN_UNINITIALIZED_AUTOS = YES_AGGRESSIVE;
				GCC_WARN_UNUSED_FUNCTION = YES;
				GCC_WARN_UNUSED_VARIABLE = YES;
				IPHONEOS_DEPLOYMENT_TARGET = 14.2;
				MTL_ENABLE_DEBUG_INFO = INCLUDE_SOURCE;
				MTL_FAST_MATH = YES;
				ONLY_ACTIVE_ARCH = YES;
				SDKROOT = iphoneos;
				SWIFT_ACTIVE_COMPILATION_CONDITIONS = DEBUG;
				SWIFT_OPTIMIZATION_LEVEL = "-Onone";
			};
			name = Debug;
		};
		A9D3CD522600C8470057DBEF /* Release */ = {
			isa = XCBuildConfiguration;
			buildSettings = {
				ALWAYS_SEARCH_USER_PATHS = NO;
				CLANG_ANALYZER_NONNULL = YES;
				CLANG_ANALYZER_NUMBER_OBJECT_CONVERSION = YES_AGGRESSIVE;
				CLANG_CXX_LANGUAGE_STANDARD = "gnu++14";
				CLANG_CXX_LIBRARY = "libc++";
				CLANG_ENABLE_MODULES = YES;
				CLANG_ENABLE_OBJC_ARC = YES;
				CLANG_ENABLE_OBJC_WEAK = YES;
				CLANG_WARN_BLOCK_CAPTURE_AUTORELEASING = YES;
				CLANG_WARN_BOOL_CONVERSION = YES;
				CLANG_WARN_COMMA = YES;
				CLANG_WARN_CONSTANT_CONVERSION = YES;
				CLANG_WARN_DEPRECATED_OBJC_IMPLEMENTATIONS = YES;
				CLANG_WARN_DIRECT_OBJC_ISA_USAGE = YES_ERROR;
				CLANG_WARN_DOCUMENTATION_COMMENTS = YES;
				CLANG_WARN_EMPTY_BODY = YES;
				CLANG_WARN_ENUM_CONVERSION = YES;
				CLANG_WARN_INFINITE_RECURSION = YES;
				CLANG_WARN_INT_CONVERSION = YES;
				CLANG_WARN_NON_LITERAL_NULL_CONVERSION = YES;
				CLANG_WARN_OBJC_IMPLICIT_RETAIN_SELF = YES;
				CLANG_WARN_OBJC_LITERAL_CONVERSION = YES;
				CLANG_WARN_OBJC_ROOT_CLASS = YES_ERROR;
				CLANG_WARN_QUOTED_INCLUDE_IN_FRAMEWORK_HEADER = YES;
				CLANG_WARN_RANGE_LOOP_ANALYSIS = YES;
				CLANG_WARN_STRICT_PROTOTYPES = YES;
				CLANG_WARN_SUSPICIOUS_MOVE = YES;
				CLANG_WARN_UNGUARDED_AVAILABILITY = YES_AGGRESSIVE;
				CLANG_WARN_UNREACHABLE_CODE = YES;
				CLANG_WARN__DUPLICATE_METHOD_MATCH = YES;
				COPY_PHASE_STRIP = NO;
				DEBUG_INFORMATION_FORMAT = "dwarf-with-dsym";
				ENABLE_NS_ASSERTIONS = NO;
				ENABLE_STRICT_OBJC_MSGSEND = YES;
				GCC_C_LANGUAGE_STANDARD = gnu11;
				GCC_NO_COMMON_BLOCKS = YES;
				GCC_WARN_64_TO_32_BIT_CONVERSION = YES;
				GCC_WARN_ABOUT_RETURN_TYPE = YES_ERROR;
				GCC_WARN_UNDECLARED_SELECTOR = YES;
				GCC_WARN_UNINITIALIZED_AUTOS = YES_AGGRESSIVE;
				GCC_WARN_UNUSED_FUNCTION = YES;
				GCC_WARN_UNUSED_VARIABLE = YES;
				IPHONEOS_DEPLOYMENT_TARGET = 14.2;
				MTL_ENABLE_DEBUG_INFO = NO;
				MTL_FAST_MATH = YES;
				SDKROOT = iphoneos;
				SWIFT_COMPILATION_MODE = wholemodule;
				SWIFT_OPTIMIZATION_LEVEL = "-O";
				VALIDATE_PRODUCT = YES;
			};
			name = Release;
		};
		A9D3CD542600C8470057DBEF /* Debug */ = {
			isa = XCBuildConfiguration;
			buildSettings = {
				ASSETCATALOG_COMPILER_APPICON_NAME = AppIcon;
				ASSETCATALOG_COMPILER_GLOBAL_ACCENT_COLOR_NAME = AccentColor;
				CODE_SIGN_STYLE = Automatic;
				INFOPLIST_FILE = iospractice/Info.plist;
				IPHONEOS_DEPLOYMENT_TARGET = 14.2;
				LD_RUNPATH_SEARCH_PATHS = (
					"$(inherited)",
					"@executable_path/Frameworks",
				);
				PRODUCT_BUNDLE_IDENTIFIER = com.swtecnn.iospractice;
				PRODUCT_NAME = "$(TARGET_NAME)";
				SWIFT_VERSION = 5.0;
				TARGETED_DEVICE_FAMILY = "1,2";
			};
			name = Debug;
		};
		A9D3CD552600C8470057DBEF /* Release */ = {
			isa = XCBuildConfiguration;
			buildSettings = {
				ASSETCATALOG_COMPILER_APPICON_NAME = AppIcon;
				ASSETCATALOG_COMPILER_GLOBAL_ACCENT_COLOR_NAME = AccentColor;
				CODE_SIGN_STYLE = Automatic;
				INFOPLIST_FILE = iospractice/Info.plist;
				IPHONEOS_DEPLOYMENT_TARGET = 14.2;
				LD_RUNPATH_SEARCH_PATHS = (
					"$(inherited)",
					"@executable_path/Frameworks",
				);
				PRODUCT_BUNDLE_IDENTIFIER = com.swtecnn.iospractice;
				PRODUCT_NAME = "$(TARGET_NAME)";
				SWIFT_VERSION = 5.0;
				TARGETED_DEVICE_FAMILY = "1,2";
			};
			name = Release;
		};
		A9D3CD572600C8470057DBEF /* Debug */ = {
			isa = XCBuildConfiguration;
			buildSettings = {
				ALWAYS_EMBED_SWIFT_STANDARD_LIBRARIES = YES;
				BUNDLE_LOADER = "$(TEST_HOST)";
				CODE_SIGN_STYLE = Automatic;
				INFOPLIST_FILE = iospracticeTests/Info.plist;
				IPHONEOS_DEPLOYMENT_TARGET = 14.2;
				LD_RUNPATH_SEARCH_PATHS = (
					"$(inherited)",
					"@executable_path/Frameworks",
					"@loader_path/Frameworks",
				);
				PRODUCT_BUNDLE_IDENTIFIER = com.swtecnn.iospracticeTests;
				PRODUCT_NAME = "$(TARGET_NAME)";
				SWIFT_VERSION = 5.0;
				TARGETED_DEVICE_FAMILY = "1,2";
				TEST_HOST = "$(BUILT_PRODUCTS_DIR)/iospractice.app/iospractice";
			};
			name = Debug;
		};
		A9D3CD582600C8470057DBEF /* Release */ = {
			isa = XCBuildConfiguration;
			buildSettings = {
				ALWAYS_EMBED_SWIFT_STANDARD_LIBRARIES = YES;
				BUNDLE_LOADER = "$(TEST_HOST)";
				CODE_SIGN_STYLE = Automatic;
				INFOPLIST_FILE = iospracticeTests/Info.plist;
				IPHONEOS_DEPLOYMENT_TARGET = 14.2;
				LD_RUNPATH_SEARCH_PATHS = (
					"$(inherited)",
					"@executable_path/Frameworks",
					"@loader_path/Frameworks",
				);
				PRODUCT_BUNDLE_IDENTIFIER = com.swtecnn.iospracticeTests;
				PRODUCT_NAME = "$(TARGET_NAME)";
				SWIFT_VERSION = 5.0;
				TARGETED_DEVICE_FAMILY = "1,2";
				TEST_HOST = "$(BUILT_PRODUCTS_DIR)/iospractice.app/iospractice";
			};
			name = Release;
		};
		A9D3CD5A2600C8470057DBEF /* Debug */ = {
			isa = XCBuildConfiguration;
			buildSettings = {
				ALWAYS_EMBED_SWIFT_STANDARD_LIBRARIES = YES;
				CODE_SIGN_STYLE = Automatic;
				INFOPLIST_FILE = iospracticeUITests/Info.plist;
				LD_RUNPATH_SEARCH_PATHS = (
					"$(inherited)",
					"@executable_path/Frameworks",
					"@loader_path/Frameworks",
				);
				PRODUCT_BUNDLE_IDENTIFIER = com.swtecnn.iospracticeUITests;
				PRODUCT_NAME = "$(TARGET_NAME)";
				SWIFT_VERSION = 5.0;
				TARGETED_DEVICE_FAMILY = "1,2";
				TEST_TARGET_NAME = iospractice;
			};
			name = Debug;
		};
		A9D3CD5B2600C8470057DBEF /* Release */ = {
			isa = XCBuildConfiguration;
			buildSettings = {
				ALWAYS_EMBED_SWIFT_STANDARD_LIBRARIES = YES;
				CODE_SIGN_STYLE = Automatic;
				INFOPLIST_FILE = iospracticeUITests/Info.plist;
				LD_RUNPATH_SEARCH_PATHS = (
					"$(inherited)",
					"@executable_path/Frameworks",
					"@loader_path/Frameworks",
				);
				PRODUCT_BUNDLE_IDENTIFIER = com.swtecnn.iospracticeUITests;
				PRODUCT_NAME = "$(TARGET_NAME)";
				SWIFT_VERSION = 5.0;
				TARGETED_DEVICE_FAMILY = "1,2";
				TEST_TARGET_NAME = iospractice;
			};
			name = Release;
		};
/* End XCBuildConfiguration section */

/* Begin XCConfigurationList section */
		A9D3CD242600C8460057DBEF /* Build configuration list for PBXProject "iospractice" */ = {
			isa = XCConfigurationList;
			buildConfigurations = (
				A9D3CD512600C8470057DBEF /* Debug */,
				A9D3CD522600C8470057DBEF /* Release */,
			);
			defaultConfigurationIsVisible = 0;
			defaultConfigurationName = Release;
		};
		A9D3CD532600C8470057DBEF /* Build configuration list for PBXNativeTarget "iospractice" */ = {
			isa = XCConfigurationList;
			buildConfigurations = (
				A9D3CD542600C8470057DBEF /* Debug */,
				A9D3CD552600C8470057DBEF /* Release */,
			);
			defaultConfigurationIsVisible = 0;
			defaultConfigurationName = Release;
		};
		A9D3CD562600C8470057DBEF /* Build configuration list for PBXNativeTarget "iospracticeTests" */ = {
			isa = XCConfigurationList;
			buildConfigurations = (
				A9D3CD572600C8470057DBEF /* Debug */,
				A9D3CD582600C8470057DBEF /* Release */,
			);
			defaultConfigurationIsVisible = 0;
			defaultConfigurationName = Release;
		};
		A9D3CD592600C8470057DBEF /* Build configuration list for PBXNativeTarget "iospracticeUITests" */ = {
			isa = XCConfigurationList;
			buildConfigurations = (
				A9D3CD5A2600C8470057DBEF /* Debug */,
				A9D3CD5B2600C8470057DBEF /* Release */,
			);
			defaultConfigurationIsVisible = 0;
			defaultConfigurationName = Release;
		};
/* End XCConfigurationList section */
	};
	rootObject = A9D3CD212600C8460057DBEF /* Project object */;
}
